
Microsoft Visual Studio Solution File, Format Version 12.00
# Visual Studio Version 17
VisualStudioVersion = 17.6.33815.320
MinimumVisualStudioVersion = 10.0.40219.1
Project("{FAE04EC0-301F-11D3-BF4B-00C04F79EFBC}") = "Lesson5WpfContainers", "Lesson5WpfContainers\Lesson5WpfContainers.csproj", "{30850ED2-9406-4451-A75B-66733CF9108F}"
EndProject
Global
	GlobalSection(SolutionConfigurationPlatforms) = preSolution
		Debug|Any CPU = Debug|Any CPU
		Release|Any CPU = Release|Any CPU
	EndGlobalSection
	GlobalSection(ProjectConfigurationPlatforms) = postSolution
		{30850ED2-9406-4451-A75B-66733CF9108F}.Debug|Any CPU.ActiveCfg = Debug|Any CPU
		{30850ED2-9406-4451-A75B-66733CF9108F}.Debug|Any CPU.Build.0 = Debug|Any CPU
		{30850ED2-9406-4451-A75B-66733CF9108F}.Release|Any CPU.ActiveCfg = Release|Any CPU
		{30850ED2-9406-4451-A75B-66733CF9108F}.Release|Any CPU.Build.0 = Release|Any CPU
	EndGlobalSection
	GlobalSection(SolutionProperties) = preSolution
		HideSolutionNode = FALSE
	EndGlobalSection
	GlobalSection(ExtensibilityGlobals) = postSolution
		SolutionGuid = {144B8B4A-C0AD-4B69-875A-29C7BB55B046}
	EndGlobalSection
EndGlobal
