
Microsoft Visual Studio Solution File, Format Version 12.00
# Visual Studio Version 17
VisualStudioVersion = 17.6.33815.320
MinimumVisualStudioVersion = 10.0.40219.1
Project("{FAE04EC0-301F-11D3-BF4B-00C04F79EFBC}") = "Lesson6WpfControls", "Lesson6WpfControls\Lesson6WpfControls.csproj", "{8A79AF5F-A34E-4128-8182-E517C8992984}"
EndProject
Global
	GlobalSection(SolutionConfigurationPlatforms) = preSolution
		Debug|Any CPU = Debug|Any CPU
		Release|Any CPU = Release|Any CPU
	EndGlobalSection
	GlobalSection(ProjectConfigurationPlatforms) = postSolution
		{8A79AF5F-A34E-4128-8182-E517C8992984}.Debug|Any CPU.ActiveCfg = Debug|Any CPU
		{8A79AF5F-A34E-4128-8182-E517C8992984}.Debug|Any CPU.Build.0 = Debug|Any CPU
		{8A79AF5F-A34E-4128-8182-E517C8992984}.Release|Any CPU.ActiveCfg = Release|Any CPU
		{8A79AF5F-A34E-4128-8182-E517C8992984}.Release|Any CPU.Build.0 = Release|Any CPU
	EndGlobalSection
	GlobalSection(SolutionProperties) = preSolution
		HideSolutionNode = FALSE
	EndGlobalSection
	GlobalSection(ExtensibilityGlobals) = postSolution
		SolutionGuid = {0930FA7F-5094-4191-A42A-FAD6C41DDB02}
	EndGlobalSection
EndGlobal
