
Microsoft Visual Studio Solution File, Format Version 12.00
# Visual Studio Version 17
VisualStudioVersion = 17.9.34723.18
MinimumVisualStudioVersion = 10.0.40219.1
Project("{FAE04EC0-301F-11D3-BF4B-00C04F79EFBC}") = "Lesson1UmlIntro", "Lesson1UmlIntro\Lesson1UmlIntro.csproj", "{30C6E13F-2B9E-4680-A7FF-0CD952329F25}"
EndProject
Global
	GlobalSection(SolutionConfigurationPlatforms) = preSolution
		Debug|Any CPU = Debug|Any CPU
		Release|Any CPU = Release|Any CPU
	EndGlobalSection
	GlobalSection(ProjectConfigurationPlatforms) = postSolution
		{30C6E13F-2B9E-4680-A7FF-0CD952329F25}.Debug|Any CPU.ActiveCfg = Debug|Any CPU
		{30C6E13F-2B9E-4680-A7FF-0CD952329F25}.Debug|Any CPU.Build.0 = Debug|Any CPU
		{30C6E13F-2B9E-4680-A7FF-0CD952329F25}.Release|Any CPU.ActiveCfg = Release|Any CPU
		{30C6E13F-2B9E-4680-A7FF-0CD952329F25}.Release|Any CPU.Build.0 = Release|Any CPU
	EndGlobalSection
	GlobalSection(SolutionProperties) = preSolution
		HideSolutionNode = FALSE
	EndGlobalSection
	GlobalSection(ExtensibilityGlobals) = postSolution
		SolutionGuid = {F04B6020-ADB2-4E1D-8615-E39ED80A9119}
	EndGlobalSection
EndGlobal
