
Microsoft Visual Studio Solution File, Format Version 12.00
# Visual Studio Version 17
VisualStudioVersion = 17.6.33815.320
MinimumVisualStudioVersion = 10.0.40219.1
Project("{FAE04EC0-301F-11D3-BF4B-00C04F79EFBC}") = "Lesson15", "Lesson15\Lesson15.csproj", "{E36C54A4-D566-4AA0-91A5-F6A099F3B84F}"
EndProject
Global
	GlobalSection(SolutionConfigurationPlatforms) = preSolution
		Debug|Any CPU = Debug|Any CPU
		Release|Any CPU = Release|Any CPU
	EndGlobalSection
	GlobalSection(ProjectConfigurationPlatforms) = postSolution
		{E36C54A4-D566-4AA0-91A5-F6A099F3B84F}.Debug|Any CPU.ActiveCfg = Debug|Any CPU
		{E36C54A4-D566-4AA0-91A5-F6A099F3B84F}.Debug|Any CPU.Build.0 = Debug|Any CPU
		{E36C54A4-D566-4AA0-91A5-F6A099F3B84F}.Release|Any CPU.ActiveCfg = Release|Any CPU
		{E36C54A4-D566-4AA0-91A5-F6A099F3B84F}.Release|Any CPU.Build.0 = Release|Any CPU
	EndGlobalSection
	GlobalSection(SolutionProperties) = preSolution
		HideSolutionNode = FALSE
	EndGlobalSection
	GlobalSection(ExtensibilityGlobals) = postSolution
		SolutionGuid = {1AB5D889-A90F-4B0D-8A7A-3398919FE0D3}
	EndGlobalSection
EndGlobal
