
Microsoft Visual Studio Solution File, Format Version 12.00
# Visual Studio Version 17
VisualStudioVersion = 17.6.33815.320
MinimumVisualStudioVersion = 10.0.40219.1
Project("{FAE04EC0-301F-11D3-BF4B-00C04F79EFBC}") = "Lesson8", "Lesson8\Lesson8.csproj", "{438E9830-A33B-46FF-856B-CA3E18A6CF9C}"
EndProject
Global
	GlobalSection(SolutionConfigurationPlatforms) = preSolution
		Debug|Any CPU = Debug|Any CPU
		Release|Any CPU = Release|Any CPU
	EndGlobalSection
	GlobalSection(ProjectConfigurationPlatforms) = postSolution
		{438E9830-A33B-46FF-856B-CA3E18A6CF9C}.Debug|Any CPU.ActiveCfg = Debug|Any CPU
		{438E9830-A33B-46FF-856B-CA3E18A6CF9C}.Debug|Any CPU.Build.0 = Debug|Any CPU
		{438E9830-A33B-46FF-856B-CA3E18A6CF9C}.Release|Any CPU.ActiveCfg = Release|Any CPU
		{438E9830-A33B-46FF-856B-CA3E18A6CF9C}.Release|Any CPU.Build.0 = Release|Any CPU
	EndGlobalSection
	GlobalSection(SolutionProperties) = preSolution
		HideSolutionNode = FALSE
	EndGlobalSection
	GlobalSection(ExtensibilityGlobals) = postSolution
		SolutionGuid = {8B6F0018-1B9D-441F-9E85-68EE0FEF17A6}
	EndGlobalSection
EndGlobal
