
Microsoft Visual Studio Solution File, Format Version 12.00
# Visual Studio Version 17
VisualStudioVersion = 17.6.33815.320
MinimumVisualStudioVersion = 10.0.40219.1
Project("{FAE04EC0-301F-11D3-BF4B-00C04F79EFBC}") = "DrinkWater", "DrinkWater\DrinkWater.csproj", "{BBB10C1A-4E3A-49B1-9E8E-08BF8064DA55}"
EndProject
Global
	GlobalSection(SolutionConfigurationPlatforms) = preSolution
		Debug|Any CPU = Debug|Any CPU
		Release|Any CPU = Release|Any CPU
	EndGlobalSection
	GlobalSection(ProjectConfigurationPlatforms) = postSolution
		{BBB10C1A-4E3A-49B1-9E8E-08BF8064DA55}.Debug|Any CPU.ActiveCfg = Debug|Any CPU
		{BBB10C1A-4E3A-49B1-9E8E-08BF8064DA55}.Debug|Any CPU.Build.0 = Debug|Any CPU
		{BBB10C1A-4E3A-49B1-9E8E-08BF8064DA55}.Release|Any CPU.ActiveCfg = Release|Any CPU
		{BBB10C1A-4E3A-49B1-9E8E-08BF8064DA55}.Release|Any CPU.Build.0 = Release|Any CPU
	EndGlobalSection
	GlobalSection(SolutionProperties) = preSolution
		HideSolutionNode = FALSE
	EndGlobalSection
	GlobalSection(ExtensibilityGlobals) = postSolution
		SolutionGuid = {C5A23C4B-A5C5-417A-A87A-DDF4A818E8A3}
	EndGlobalSection
EndGlobal
