
Microsoft Visual Studio Solution File, Format Version 12.00
# Visual Studio Version 17
VisualStudioVersion = 17.6.33815.320
MinimumVisualStudioVersion = 10.0.40219.1
Project("{FAE04EC0-301F-11D3-BF4B-00C04F79EFBC}") = "IntroApp", "IntroApp\IntroApp.csproj", "{F8546728-2E36-431E-A593-277003191ACA}"
EndProject
Global
	GlobalSection(SolutionConfigurationPlatforms) = preSolution
		Debug|Any CPU = Debug|Any CPU
		Release|Any CPU = Release|Any CPU
	EndGlobalSection
	GlobalSection(ProjectConfigurationPlatforms) = postSolution
		{F8546728-2E36-431E-A593-277003191ACA}.Debug|Any CPU.ActiveCfg = Debug|Any CPU
		{F8546728-2E36-431E-A593-277003191ACA}.Debug|Any CPU.Build.0 = Debug|Any CPU
		{F8546728-2E36-431E-A593-277003191ACA}.Release|Any CPU.ActiveCfg = Release|Any CPU
		{F8546728-2E36-431E-A593-277003191ACA}.Release|Any CPU.Build.0 = Release|Any CPU
	EndGlobalSection
	GlobalSection(SolutionProperties) = preSolution
		HideSolutionNode = FALSE
	EndGlobalSection
	GlobalSection(ExtensibilityGlobals) = postSolution
		SolutionGuid = {025EFF1D-9F57-4501-A780-18F325C93FCB}
	EndGlobalSection
EndGlobal
